
Microsoft Visual Studio Solution File, Format Version 12.00
# Visual Studio 15
Project("{FAE04EC0-301F-11D3-BF4B-00C04F79EFBC}") = "MediaElement.Android", "MediaElement.Android\MediaElement.Android.csproj", "{081AF970-65E8-402F-803B-DEAE013C7E26}"
EndProject
Project("{FAE04EC0-301F-11D3-BF4B-00C04F79EFBC}") = "MediaElement.iOS", "MediaElement.iOS\MediaElement.iOS.csproj", "{A948D80B-F63E-4808-B83F-BAB57D5BF79E}"
EndProject
Project("{FAE04EC0-301F-11D3-BF4B-00C04F79EFBC}") = "MediaElement", "MediaElement\MediaElement.csproj", "{4845E63B-821B-46C8-BE9E-B2B3114FB953}"
EndProject
Global
	GlobalSection(SolutionConfigurationPlatforms) = preSolution
		Debug|Any CPU = Debug|Any CPU
		Release|Any CPU = Release|Any CPU
		Debug|iPhoneSimulator = Debug|iPhoneSimulator
		Release|iPhoneSimulator = Release|iPhoneSimulator
		Debug|iPhone = Debug|iPhone
		Release|iPhone = Release|iPhone
	EndGlobalSection
	GlobalSection(ProjectConfigurationPlatforms) = postSolution
		{081AF970-65E8-402F-803B-DEAE013C7E26}.Debug|Any CPU.ActiveCfg = Debug|Any CPU
		{081AF970-65E8-402F-803B-DEAE013C7E26}.Debug|Any CPU.Build.0 = Debug|Any CPU
		{081AF970-65E8-402F-803B-DEAE013C7E26}.Release|Any CPU.ActiveCfg = Release|Any CPU
		{081AF970-65E8-402F-803B-DEAE013C7E26}.Release|Any CPU.Build.0 = Release|Any CPU
		{081AF970-65E8-402F-803B-DEAE013C7E26}.Debug|iPhoneSimulator.ActiveCfg = Debug|Any CPU
		{081AF970-65E8-402F-803B-DEAE013C7E26}.Debug|iPhoneSimulator.Build.0 = Debug|Any CPU
		{081AF970-65E8-402F-803B-DEAE013C7E26}.Release|iPhoneSimulator.ActiveCfg = Release|Any CPU
		{081AF970-65E8-402F-803B-DEAE013C7E26}.Release|iPhoneSimulator.Build.0 = Release|Any CPU
		{081AF970-65E8-402F-803B-DEAE013C7E26}.Debug|iPhone.ActiveCfg = Debug|Any CPU
		{081AF970-65E8-402F-803B-DEAE013C7E26}.Debug|iPhone.Build.0 = Debug|Any CPU
		{081AF970-65E8-402F-803B-DEAE013C7E26}.Release|iPhone.ActiveCfg = Release|Any CPU
		{081AF970-65E8-402F-803B-DEAE013C7E26}.Release|iPhone.Build.0 = Release|Any CPU
		{A948D80B-F63E-4808-B83F-BAB57D5BF79E}.Debug|Any CPU.ActiveCfg = Debug|iPhoneSimulator
		{A948D80B-F63E-4808-B83F-BAB57D5BF79E}.Debug|Any CPU.Build.0 = Debug|iPhoneSimulator
		{A948D80B-F63E-4808-B83F-BAB57D5BF79E}.Release|Any CPU.ActiveCfg = Release|iPhoneSimulator
		{A948D80B-F63E-4808-B83F-BAB57D5BF79E}.Release|Any CPU.Build.0 = Release|iPhoneSimulator
		{A948D80B-F63E-4808-B83F-BAB57D5BF79E}.Debug|iPhoneSimulator.ActiveCfg = Debug|iPhoneSimulator
		{A948D80B-F63E-4808-B83F-BAB57D5BF79E}.Debug|iPhoneSimulator.Build.0 = Debug|iPhoneSimulator
		{A948D80B-F63E-4808-B83F-BAB57D5BF79E}.Release|iPhoneSimulator.ActiveCfg = Release|iPhoneSimulator
		{A948D80B-F63E-4808-B83F-BAB57D5BF79E}.Release|iPhoneSimulator.Build.0 = Release|iPhoneSimulator
		{A948D80B-F63E-4808-B83F-BAB57D5BF79E}.Debug|iPhone.ActiveCfg = Debug|iPhone
		{A948D80B-F63E-4808-B83F-BAB57D5BF79E}.Debug|iPhone.Build.0 = Debug|iPhone
		{A948D80B-F63E-4808-B83F-BAB57D5BF79E}.Release|iPhone.ActiveCfg = Release|iPhone
		{A948D80B-F63E-4808-B83F-BAB57D5BF79E}.Release|iPhone.Build.0 = Release|iPhone
		{4845E63B-821B-46C8-BE9E-B2B3114FB953}.Debug|Any CPU.ActiveCfg = Debug|Any CPU
		{4845E63B-821B-46C8-BE9E-B2B3114FB953}.Debug|Any CPU.Build.0 = Debug|Any CPU
		{4845E63B-821B-46C8-BE9E-B2B3114FB953}.Release|Any CPU.ActiveCfg = Release|Any CPU
		{4845E63B-821B-46C8-BE9E-B2B3114FB953}.Release|Any CPU.Build.0 = Release|Any CPU
		{4845E63B-821B-46C8-BE9E-B2B3114FB953}.Debug|iPhoneSimulator.ActiveCfg = Debug|Any CPU
		{4845E63B-821B-46C8-BE9E-B2B3114FB953}.Debug|iPhoneSimulator.Build.0 = Debug|Any CPU
		{4845E63B-821B-46C8-BE9E-B2B3114FB953}.Release|iPhoneSimulator.ActiveCfg = Release|Any CPU
		{4845E63B-821B-46C8-BE9E-B2B3114FB953}.Release|iPhoneSimulator.Build.0 = Release|Any CPU
		{4845E63B-821B-46C8-BE9E-B2B3114FB953}.Debug|iPhone.ActiveCfg = Debug|Any CPU
		{4845E63B-821B-46C8-BE9E-B2B3114FB953}.Debug|iPhone.Build.0 = Debug|Any CPU
		{4845E63B-821B-46C8-BE9E-B2B3114FB953}.Release|iPhone.ActiveCfg = Release|Any CPU
		{4845E63B-821B-46C8-BE9E-B2B3114FB953}.Release|iPhone.Build.0 = Release|Any CPU
	EndGlobalSection
EndGlobal
